
Microsoft Visual Studio Solution File, Format Version 12.00
# Visual Studio Version 16
VisualStudioVersion = 16.0.29728.190
MinimumVisualStudioVersion = 10.0.40219.1
Project("{8BC9CEB8-8B4A-11D0-8D11-00A0C91BC942}") = "Lab1", "Lab1\Lab1.vcxproj", "{D9C73C17-CDCF-498D-84D9-9D52D31258C9}"
EndProject
Project("{8BC9CEB8-8B4A-11D0-8D11-00A0C91BC942}") = "Lab2", "Lab2\Lab2.vcxproj", "{1258B202-EF79-4611-8783-F1BE93B1EF7F}"
EndProject
Project("{8BC9CEB8-8B4A-11D0-8D11-00A0C91BC942}") = "Lab3", "Lab3\Lab3.vcxproj", "{1CEBF5B8-FBD8-44CB-B38E-A1F35BE8691B}"
EndProject
Project("{8BC9CEB8-8B4A-11D0-8D11-00A0C91BC942}") = "Lab4", "Lab4\Lab4.vcxproj", "{AC31CDA4-D51D-43A1-8952-81535F3084C7}"
EndProject
Project("{8BC9CEB8-8B4A-11D0-8D11-00A0C91BC942}") = "Lab5", "Lab5\Lab5.vcxproj", "{78C21ECC-4DB5-4E4B-B185-364CAFCCADF0}"
EndProject
Project("{8BC9CEB8-8B4A-11D0-8D11-00A0C91BC942}") = "Lab6", "Lab6\Lab6.vcxproj", "{0E882DA7-A751-458C-9ED3-CE788EA4049E}"
EndProject
Project("{8BC9CEB8-8B4A-11D0-8D11-00A0C91BC942}") = "Lab6_Slave", "Lab6_Slave\Lab6_Slave.vcxproj", "{34F352AE-FA73-4FA5-9BE6-A580F0BA6D39}"
EndProject
Global
	GlobalSection(SolutionConfigurationPlatforms) = preSolution
		Debug|x64 = Debug|x64
		Debug|x86 = Debug|x86
		Release|x64 = Release|x64
		Release|x86 = Release|x86
	EndGlobalSection
	GlobalSection(ProjectConfigurationPlatforms) = postSolution
		{D9C73C17-CDCF-498D-84D9-9D52D31258C9}.Debug|x64.ActiveCfg = Debug|x64
		{D9C73C17-CDCF-498D-84D9-9D52D31258C9}.Debug|x64.Build.0 = Debug|x64
		{D9C73C17-CDCF-498D-84D9-9D52D31258C9}.Debug|x86.ActiveCfg = Debug|Win32
		{D9C73C17-CDCF-498D-84D9-9D52D31258C9}.Debug|x86.Build.0 = Debug|Win32
		{D9C73C17-CDCF-498D-84D9-9D52D31258C9}.Release|x64.ActiveCfg = Release|x64
		{D9C73C17-CDCF-498D-84D9-9D52D31258C9}.Release|x64.Build.0 = Release|x64
		{D9C73C17-CDCF-498D-84D9-9D52D31258C9}.Release|x86.ActiveCfg = Release|Win32
		{D9C73C17-CDCF-498D-84D9-9D52D31258C9}.Release|x86.Build.0 = Release|Win32
		{1258B202-EF79-4611-8783-F1BE93B1EF7F}.Debug|x64.ActiveCfg = Debug|x64
		{1258B202-EF79-4611-8783-F1BE93B1EF7F}.Debug|x64.Build.0 = Debug|x64
		{1258B202-EF79-4611-8783-F1BE93B1EF7F}.Debug|x86.ActiveCfg = Debug|Win32
		{1258B202-EF79-4611-8783-F1BE93B1EF7F}.Debug|x86.Build.0 = Debug|Win32
		{1258B202-EF79-4611-8783-F1BE93B1EF7F}.Release|x64.ActiveCfg = Release|x64
		{1258B202-EF79-4611-8783-F1BE93B1EF7F}.Release|x64.Build.0 = Release|x64
		{1258B202-EF79-4611-8783-F1BE93B1EF7F}.Release|x86.ActiveCfg = Release|Win32
		{1258B202-EF79-4611-8783-F1BE93B1EF7F}.Release|x86.Build.0 = Release|Win32
		{1CEBF5B8-FBD8-44CB-B38E-A1F35BE8691B}.Debug|x64.ActiveCfg = Debug|x64
		{1CEBF5B8-FBD8-44CB-B38E-A1F35BE8691B}.Debug|x64.Build.0 = Debug|x64
		{1CEBF5B8-FBD8-44CB-B38E-A1F35BE8691B}.Debug|x86.ActiveCfg = Debug|Win32
		{1CEBF5B8-FBD8-44CB-B38E-A1F35BE8691B}.Debug|x86.Build.0 = Debug|Win32
		{1CEBF5B8-FBD8-44CB-B38E-A1F35BE8691B}.Release|x64.ActiveCfg = Release|x64
		{1CEBF5B8-FBD8-44CB-B38E-A1F35BE8691B}.Release|x64.Build.0 = Release|x64
		{1CEBF5B8-FBD8-44CB-B38E-A1F35BE8691B}.Release|x86.ActiveCfg = Release|Win32
		{1CEBF5B8-FBD8-44CB-B38E-A1F35BE8691B}.Release|x86.Build.0 = Release|Win32
		{AC31CDA4-D51D-43A1-8952-81535F3084C7}.Debug|x64.ActiveCfg = Debug|x64
		{AC31CDA4-D51D-43A1-8952-81535F3084C7}.Debug|x64.Build.0 = Debug|x64
		{AC31CDA4-D51D-43A1-8952-81535F3084C7}.Debug|x86.ActiveCfg = Debug|Win32
		{AC31CDA4-D51D-43A1-8952-81535F3084C7}.Debug|x86.Build.0 = Debug|Win32
		{AC31CDA4-D51D-43A1-8952-81535F3084C7}.Release|x64.ActiveCfg = Release|x64
		{AC31CDA4-D51D-43A1-8952-81535F3084C7}.Release|x64.Build.0 = Release|x64
		{AC31CDA4-D51D-43A1-8952-81535F3084C7}.Release|x86.ActiveCfg = Release|Win32
		{AC31CDA4-D51D-43A1-8952-81535F3084C7}.Release|x86.Build.0 = Release|Win32
		{78C21ECC-4DB5-4E4B-B185-364CAFCCADF0}.Debug|x64.ActiveCfg = Debug|x64
		{78C21ECC-4DB5-4E4B-B185-364CAFCCADF0}.Debug|x64.Build.0 = Debug|x64
		{78C21ECC-4DB5-4E4B-B185-364CAFCCADF0}.Debug|x86.ActiveCfg = Debug|Win32
		{78C21ECC-4DB5-4E4B-B185-364CAFCCADF0}.Debug|x86.Build.0 = Debug|Win32
		{78C21ECC-4DB5-4E4B-B185-364CAFCCADF0}.Release|x64.ActiveCfg = Release|x64
		{78C21ECC-4DB5-4E4B-B185-364CAFCCADF0}.Release|x64.Build.0 = Release|x64
		{78C21ECC-4DB5-4E4B-B185-364CAFCCADF0}.Release|x86.ActiveCfg = Release|Win32
		{78C21ECC-4DB5-4E4B-B185-364CAFCCADF0}.Release|x86.Build.0 = Release|Win32
		{0E882DA7-A751-458C-9ED3-CE788EA4049E}.Debug|x64.ActiveCfg = Debug|x64
		{0E882DA7-A751-458C-9ED3-CE788EA4049E}.Debug|x64.Build.0 = Debug|x64
		{0E882DA7-A751-458C-9ED3-CE788EA4049E}.Debug|x86.ActiveCfg = Debug|Win32
		{0E882DA7-A751-458C-9ED3-CE788EA4049E}.Debug|x86.Build.0 = Debug|Win32
		{0E882DA7-A751-458C-9ED3-CE788EA4049E}.Release|x64.ActiveCfg = Release|x64
		{0E882DA7-A751-458C-9ED3-CE788EA4049E}.Release|x64.Build.0 = Release|x64
		{0E882DA7-A751-458C-9ED3-CE788EA4049E}.Release|x86.ActiveCfg = Release|Win32
		{0E882DA7-A751-458C-9ED3-CE788EA4049E}.Release|x86.Build.0 = Release|Win32
		{34F352AE-FA73-4FA5-9BE6-A580F0BA6D39}.Debug|x64.ActiveCfg = Debug|x64
		{34F352AE-FA73-4FA5-9BE6-A580F0BA6D39}.Debug|x64.Build.0 = Debug|x64
		{34F352AE-FA73-4FA5-9BE6-A580F0BA6D39}.Debug|x86.ActiveCfg = Debug|Win32
		{34F352AE-FA73-4FA5-9BE6-A580F0BA6D39}.Debug|x86.Build.0 = Debug|Win32
		{34F352AE-FA73-4FA5-9BE6-A580F0BA6D39}.Release|x64.ActiveCfg = Release|x64
		{34F352AE-FA73-4FA5-9BE6-A580F0BA6D39}.Release|x64.Build.0 = Release|x64
		{34F352AE-FA73-4FA5-9BE6-A580F0BA6D39}.Release|x86.ActiveCfg = Release|Win32
		{34F352AE-FA73-4FA5-9BE6-A580F0BA6D39}.Release|x86.Build.0 = Release|Win32
	EndGlobalSection
	GlobalSection(SolutionProperties) = preSolution
		HideSolutionNode = FALSE
	EndGlobalSection
	GlobalSection(ExtensibilityGlobals) = postSolution
		SolutionGuid = {D583B607-523D-42ED-A001-73C79525AB9F}
	EndGlobalSection
EndGlobal
